
Microsoft Visual Studio Solution File, Format Version 12.00
# Visual Studio Version 17
VisualStudioVersion = 17.5.33530.505
MinimumVisualStudioVersion = 10.0.40219.1
Project("{9A19103F-16F7-4668-BE54-9A1E7A4F7556}") = "Application", "src\Appllication\Application.csproj", "{2EE95828-E21D-4ED4-8E6E-C05277522677}"
EndProject
Project("{9A19103F-16F7-4668-BE54-9A1E7A4F7556}") = "Domain", "src\Domain\Domain.csproj", "{5271B1F8-8DDB-44F8-B0CE-B8A108CCC600}"
EndProject
Project("{9A19103F-16F7-4668-BE54-9A1E7A4F7556}") = "API", "src\WebApp\API.csproj", "{7970D240-BD28-4B13-ACAC-69F28AA511F0}"
EndProject
Global
	GlobalSection(SolutionConfigurationPlatforms) = preSolution
		Debug|Any CPU = Debug|Any CPU
		Release|Any CPU = Release|Any CPU
	EndGlobalSection
	GlobalSection(ProjectConfigurationPlatforms) = postSolution
		{2EE95828-E21D-4ED4-8E6E-C05277522677}.Debug|Any CPU.ActiveCfg = Debug|Any CPU
		{2EE95828-E21D-4ED4-8E6E-C05277522677}.Debug|Any CPU.Build.0 = Debug|Any CPU
		{2EE95828-E21D-4ED4-8E6E-C05277522677}.Release|Any CPU.ActiveCfg = Release|Any CPU
		{2EE95828-E21D-4ED4-8E6E-C05277522677}.Release|Any CPU.Build.0 = Release|Any CPU
		{5271B1F8-8DDB-44F8-B0CE-B8A108CCC600}.Debug|Any CPU.ActiveCfg = Debug|Any CPU
		{5271B1F8-8DDB-44F8-B0CE-B8A108CCC600}.Debug|Any CPU.Build.0 = Debug|Any CPU
		{5271B1F8-8DDB-44F8-B0CE-B8A108CCC600}.Release|Any CPU.ActiveCfg = Release|Any CPU
		{5271B1F8-8DDB-44F8-B0CE-B8A108CCC600}.Release|Any CPU.Build.0 = Release|Any CPU
		{7970D240-BD28-4B13-ACAC-69F28AA511F0}.Debug|Any CPU.ActiveCfg = Debug|Any CPU
		{7970D240-BD28-4B13-ACAC-69F28AA511F0}.Debug|Any CPU.Build.0 = Debug|Any CPU
		{7970D240-BD28-4B13-ACAC-69F28AA511F0}.Release|Any CPU.ActiveCfg = Release|Any CPU
		{7970D240-BD28-4B13-ACAC-69F28AA511F0}.Release|Any CPU.Build.0 = Release|Any CPU
	EndGlobalSection
	GlobalSection(SolutionProperties) = preSolution
		HideSolutionNode = FALSE
	EndGlobalSection
	GlobalSection(ExtensibilityGlobals) = postSolution
		SolutionGuid = {BD12A905-2DE1-4890-8785-A5AD29B6F349}
	EndGlobalSection
EndGlobal
