
Microsoft Visual Studio Solution File, Format Version 12.00
# Visual Studio Version 17
VisualStudioVersion = 17.5.33530.505
MinimumVisualStudioVersion = 10.0.40219.1
Project("{FAE04EC0-301F-11D3-BF4B-00C04F79EFBC}") = "WebApp", "WebApp\WebApp.csproj", "{D09ED503-997E-484B-96DB-BBC46E7D5208}"
EndProject
Project("{FAE04EC0-301F-11D3-BF4B-00C04F79EFBC}") = "Appllication", "Appllication\Appllication.csproj", "{03FBF0E8-66F3-4BD2-B116-355B20CA8476}"
EndProject
Project("{FAE04EC0-301F-11D3-BF4B-00C04F79EFBC}") = "Domain", "Domain\Domain.csproj", "{A94C8B97-6717-4429-8F78-3E0025E00BB4}"
EndProject
Global
	GlobalSection(SolutionConfigurationPlatforms) = preSolution
		Debug|Any CPU = Debug|Any CPU
		Release|Any CPU = Release|Any CPU
	EndGlobalSection
	GlobalSection(ProjectConfigurationPlatforms) = postSolution
		{D09ED503-997E-484B-96DB-BBC46E7D5208}.Debug|Any CPU.ActiveCfg = Debug|Any CPU
		{D09ED503-997E-484B-96DB-BBC46E7D5208}.Debug|Any CPU.Build.0 = Debug|Any CPU
		{D09ED503-997E-484B-96DB-BBC46E7D5208}.Release|Any CPU.ActiveCfg = Release|Any CPU
		{D09ED503-997E-484B-96DB-BBC46E7D5208}.Release|Any CPU.Build.0 = Release|Any CPU
		{03FBF0E8-66F3-4BD2-B116-355B20CA8476}.Debug|Any CPU.ActiveCfg = Debug|Any CPU
		{03FBF0E8-66F3-4BD2-B116-355B20CA8476}.Debug|Any CPU.Build.0 = Debug|Any CPU
		{03FBF0E8-66F3-4BD2-B116-355B20CA8476}.Release|Any CPU.ActiveCfg = Release|Any CPU
		{03FBF0E8-66F3-4BD2-B116-355B20CA8476}.Release|Any CPU.Build.0 = Release|Any CPU
		{A94C8B97-6717-4429-8F78-3E0025E00BB4}.Debug|Any CPU.ActiveCfg = Debug|Any CPU
		{A94C8B97-6717-4429-8F78-3E0025E00BB4}.Debug|Any CPU.Build.0 = Debug|Any CPU
		{A94C8B97-6717-4429-8F78-3E0025E00BB4}.Release|Any CPU.ActiveCfg = Release|Any CPU
		{A94C8B97-6717-4429-8F78-3E0025E00BB4}.Release|Any CPU.Build.0 = Release|Any CPU
	EndGlobalSection
	GlobalSection(SolutionProperties) = preSolution
		HideSolutionNode = FALSE
	EndGlobalSection
	GlobalSection(ExtensibilityGlobals) = postSolution
		SolutionGuid = {BD12A905-2DE1-4890-8785-A5AD29B6F349}
	EndGlobalSection
EndGlobal
